
Microsoft Visual Studio Solution File, Format Version 12.00
# Visual Studio Version 16
VisualStudioVersion = 16.0.30413.136
MinimumVisualStudioVersion = 10.0.40219.1
Project("{9A19103F-16F7-4668-BE54-9A1E7A4F7556}") = "Descriptor", "Descriptor\Descriptor.csproj", "{E341E733-821B-4EE6-A9B5-CE3B746C104B}"
EndProject
Project("{9A19103F-16F7-4668-BE54-9A1E7A4F7556}") = "CommandDispatcher", "CommandDispatcher\CommandDispatcher.csproj", "{26E335F2-28D0-44B7-9EC7-7AA843649511}"
EndProject
Project("{9A19103F-16F7-4668-BE54-9A1E7A4F7556}") = "Resolver", "Resolver\Resolver.csproj", "{A65F351B-CDF7-4867-B6EC-5633A9230894}"
EndProject
Project("{9A19103F-16F7-4668-BE54-9A1E7A4F7556}") = "ZCommon", "ZCommon\ZCommon.csproj", "{A16B6A23-8713-459B-B638-67270E144553}"
EndProject
Project("{9A19103F-16F7-4668-BE54-9A1E7A4F7556}") = "Accessor", "Accessor\Accessor.csproj", "{4690954B-E673-4EB5-BC83-271F4E928E0E}"
EndProject
Project("{9A19103F-16F7-4668-BE54-9A1E7A4F7556}") = "Provider", "Provider\Provider.csproj", "{5191481C-2C45-4931-8FF1-F2160469FA29}"
EndProject
Project("{9A19103F-16F7-4668-BE54-9A1E7A4F7556}") = "Factory", "Factory\Factory.csproj", "{897E4926-0468-4F6E-A708-FC2E5E3EA9A3}"
EndProject
Project("{9A19103F-16F7-4668-BE54-9A1E7A4F7556}") = "Visitor", "Visitor\Visitor.csproj", "{C5098177-DA94-4C4E-A84D-8F632AEA7341}"
EndProject
Project("{FAE04EC0-301F-11D3-BF4B-00C04F79EFBC}") = "Options", "Options\Options.csproj", "{09FA0F21-B9E4-4BA1-A786-67AB659FE20B}"
EndProject
Project("{FAE04EC0-301F-11D3-BF4B-00C04F79EFBC}") = "Pipeline", "Pipeline\Pipeline.csproj", "{C0787F4B-89F7-4432-928F-98DB6097453A}"
EndProject
Global
	GlobalSection(SolutionConfigurationPlatforms) = preSolution
		Debug|Any CPU = Debug|Any CPU
		Release|Any CPU = Release|Any CPU
	EndGlobalSection
	GlobalSection(ProjectConfigurationPlatforms) = postSolution
		{E341E733-821B-4EE6-A9B5-CE3B746C104B}.Debug|Any CPU.ActiveCfg = Debug|Any CPU
		{E341E733-821B-4EE6-A9B5-CE3B746C104B}.Debug|Any CPU.Build.0 = Debug|Any CPU
		{E341E733-821B-4EE6-A9B5-CE3B746C104B}.Release|Any CPU.ActiveCfg = Release|Any CPU
		{E341E733-821B-4EE6-A9B5-CE3B746C104B}.Release|Any CPU.Build.0 = Release|Any CPU
		{26E335F2-28D0-44B7-9EC7-7AA843649511}.Debug|Any CPU.ActiveCfg = Debug|Any CPU
		{26E335F2-28D0-44B7-9EC7-7AA843649511}.Debug|Any CPU.Build.0 = Debug|Any CPU
		{26E335F2-28D0-44B7-9EC7-7AA843649511}.Release|Any CPU.ActiveCfg = Release|Any CPU
		{26E335F2-28D0-44B7-9EC7-7AA843649511}.Release|Any CPU.Build.0 = Release|Any CPU
		{A65F351B-CDF7-4867-B6EC-5633A9230894}.Debug|Any CPU.ActiveCfg = Debug|Any CPU
		{A65F351B-CDF7-4867-B6EC-5633A9230894}.Debug|Any CPU.Build.0 = Debug|Any CPU
		{A65F351B-CDF7-4867-B6EC-5633A9230894}.Release|Any CPU.ActiveCfg = Release|Any CPU
		{A65F351B-CDF7-4867-B6EC-5633A9230894}.Release|Any CPU.Build.0 = Release|Any CPU
		{A16B6A23-8713-459B-B638-67270E144553}.Debug|Any CPU.ActiveCfg = Debug|Any CPU
		{A16B6A23-8713-459B-B638-67270E144553}.Debug|Any CPU.Build.0 = Debug|Any CPU
		{A16B6A23-8713-459B-B638-67270E144553}.Release|Any CPU.ActiveCfg = Release|Any CPU
		{A16B6A23-8713-459B-B638-67270E144553}.Release|Any CPU.Build.0 = Release|Any CPU
		{4690954B-E673-4EB5-BC83-271F4E928E0E}.Debug|Any CPU.ActiveCfg = Debug|Any CPU
		{4690954B-E673-4EB5-BC83-271F4E928E0E}.Debug|Any CPU.Build.0 = Debug|Any CPU
		{4690954B-E673-4EB5-BC83-271F4E928E0E}.Release|Any CPU.ActiveCfg = Release|Any CPU
		{4690954B-E673-4EB5-BC83-271F4E928E0E}.Release|Any CPU.Build.0 = Release|Any CPU
		{5191481C-2C45-4931-8FF1-F2160469FA29}.Debug|Any CPU.ActiveCfg = Debug|Any CPU
		{5191481C-2C45-4931-8FF1-F2160469FA29}.Debug|Any CPU.Build.0 = Debug|Any CPU
		{5191481C-2C45-4931-8FF1-F2160469FA29}.Release|Any CPU.ActiveCfg = Release|Any CPU
		{5191481C-2C45-4931-8FF1-F2160469FA29}.Release|Any CPU.Build.0 = Release|Any CPU
		{897E4926-0468-4F6E-A708-FC2E5E3EA9A3}.Debug|Any CPU.ActiveCfg = Debug|Any CPU
		{897E4926-0468-4F6E-A708-FC2E5E3EA9A3}.Debug|Any CPU.Build.0 = Debug|Any CPU
		{897E4926-0468-4F6E-A708-FC2E5E3EA9A3}.Release|Any CPU.ActiveCfg = Release|Any CPU
		{897E4926-0468-4F6E-A708-FC2E5E3EA9A3}.Release|Any CPU.Build.0 = Release|Any CPU
		{C5098177-DA94-4C4E-A84D-8F632AEA7341}.Debug|Any CPU.ActiveCfg = Debug|Any CPU
		{C5098177-DA94-4C4E-A84D-8F632AEA7341}.Debug|Any CPU.Build.0 = Debug|Any CPU
		{C5098177-DA94-4C4E-A84D-8F632AEA7341}.Release|Any CPU.ActiveCfg = Release|Any CPU
		{C5098177-DA94-4C4E-A84D-8F632AEA7341}.Release|Any CPU.Build.0 = Release|Any CPU
		{09FA0F21-B9E4-4BA1-A786-67AB659FE20B}.Debug|Any CPU.ActiveCfg = Debug|Any CPU
		{09FA0F21-B9E4-4BA1-A786-67AB659FE20B}.Debug|Any CPU.Build.0 = Debug|Any CPU
		{09FA0F21-B9E4-4BA1-A786-67AB659FE20B}.Release|Any CPU.ActiveCfg = Release|Any CPU
		{09FA0F21-B9E4-4BA1-A786-67AB659FE20B}.Release|Any CPU.Build.0 = Release|Any CPU
		{C0787F4B-89F7-4432-928F-98DB6097453A}.Debug|Any CPU.ActiveCfg = Debug|Any CPU
		{C0787F4B-89F7-4432-928F-98DB6097453A}.Debug|Any CPU.Build.0 = Debug|Any CPU
		{C0787F4B-89F7-4432-928F-98DB6097453A}.Release|Any CPU.ActiveCfg = Release|Any CPU
		{C0787F4B-89F7-4432-928F-98DB6097453A}.Release|Any CPU.Build.0 = Release|Any CPU
	EndGlobalSection
	GlobalSection(SolutionProperties) = preSolution
		HideSolutionNode = FALSE
	EndGlobalSection
	GlobalSection(ExtensibilityGlobals) = postSolution
		SolutionGuid = {E10FF8C4-3CBD-420F-8E45-20D128C142F0}
	EndGlobalSection
EndGlobal
