
Microsoft Visual Studio Solution File, Format Version 12.00
# Visual Studio Version 17
VisualStudioVersion = 17.0.31612.314
MinimumVisualStudioVersion = 10.0.40219.1
Project("{9A19103F-16F7-4668-BE54-9A1E7A4F7556}") = "Descriptor", "Descriptor\Descriptor.csproj", "{E341E733-821B-4EE6-A9B5-CE3B746C104B}"
EndProject
Project("{9A19103F-16F7-4668-BE54-9A1E7A4F7556}") = "CommandDispatcher", "CommandDispatcher\CommandDispatcher.csproj", "{26E335F2-28D0-44B7-9EC7-7AA843649511}"
EndProject
Project("{9A19103F-16F7-4668-BE54-9A1E7A4F7556}") = "Resolver", "Resolver\Resolver.csproj", "{A65F351B-CDF7-4867-B6EC-5633A9230894}"
EndProject
Project("{9A19103F-16F7-4668-BE54-9A1E7A4F7556}") = "ZCommon", "ZCommon\ZCommon.csproj", "{A16B6A23-8713-459B-B638-67270E144553}"
EndProject
Project("{9A19103F-16F7-4668-BE54-9A1E7A4F7556}") = "Accessor", "Accessor\Accessor.csproj", "{4690954B-E673-4EB5-BC83-271F4E928E0E}"
EndProject
Project("{9A19103F-16F7-4668-BE54-9A1E7A4F7556}") = "Provider", "Provider\Provider.csproj", "{5191481C-2C45-4931-8FF1-F2160469FA29}"
EndProject
Project("{9A19103F-16F7-4668-BE54-9A1E7A4F7556}") = "Factory", "Factory\Factory.csproj", "{897E4926-0468-4F6E-A708-FC2E5E3EA9A3}"
EndProject
Project("{9A19103F-16F7-4668-BE54-9A1E7A4F7556}") = "Visitor", "Visitor\Visitor.csproj", "{C5098177-DA94-4C4E-A84D-8F632AEA7341}"
EndProject
Project("{9A19103F-16F7-4668-BE54-9A1E7A4F7556}") = "Options", "Options\Options.csproj", "{09FA0F21-B9E4-4BA1-A786-67AB659FE20B}"
EndProject
Project("{9A19103F-16F7-4668-BE54-9A1E7A4F7556}") = "Pipeline", "Pipeline\Pipeline.csproj", "{C0787F4B-89F7-4432-928F-98DB6097453A}"
EndProject
Project("{9A19103F-16F7-4668-BE54-9A1E7A4F7556}") = "Repository", "Repository\Repository.csproj", "{71897D9C-07BF-4341-A630-FBBE3FF53801}"
EndProject
Project("{9A19103F-16F7-4668-BE54-9A1E7A4F7556}") = "CQRS", "CQRS\CQRS.csproj", "{198540B6-FE3E-4FB2-9916-4161EB9D7885}"
EndProject
Project("{9A19103F-16F7-4668-BE54-9A1E7A4F7556}") = "CQRS.CommandProcessor", "CQRS.CommandProcessor\CQRS.CommandProcessor.csproj", "{9B91752D-C553-4C6E-A6C2-BB95867E822F}"
EndProject
Project("{2150E333-8FDC-42A3-9474-1A3956D46DE8}") = "examples", "examples", "{62A17AD3-8B2D-43F0-8ACD-3A0900210639}"
EndProject
Project("{2150E333-8FDC-42A3-9474-1A3956D46DE8}") = "EFDapperExample", "EFDapperExample", "{AAF1DD76-2ED7-45DD-8036-FCBDF5A02ED9}"
EndProject
Project("{9A19103F-16F7-4668-BE54-9A1E7A4F7556}") = "EFDapper", "_examples\EFDapperExample\EFDapper\EFDapper.csproj", "{C386E6AB-9E6D-404F-ABB6-C43B1E1084C6}"
EndProject
Project("{9A19103F-16F7-4668-BE54-9A1E7A4F7556}") = "EFDapper.Repositories", "_examples\EFDapperExample\EFDapper.Repositories\EFDapper.Repositories.csproj", "{F69437D9-BE51-4778-A249-81332DF8709F}"
EndProject
Project("{9A19103F-16F7-4668-BE54-9A1E7A4F7556}") = "EFDapper.Core", "_examples\EFDapperExample\EFDapper.Core\EFDapper.Core.csproj", "{9E783657-C337-4A07-B361-D2DE09A6D088}"
EndProject
Project("{9A19103F-16F7-4668-BE54-9A1E7A4F7556}") = "EFDapper.Services", "_examples\EFDapperExample\EFDapper.Services\EFDapper.Services.csproj", "{9D2726CD-9939-4EB0-A027-AF4032426385}"
EndProject
Project("{2150E333-8FDC-42A3-9474-1A3956D46DE8}") = "CosmosDbExample", "CosmosDbExample", "{A3FB6C76-6B25-4DB5-803E-98B22846BDE0}"
EndProject
Project("{9A19103F-16F7-4668-BE54-9A1E7A4F7556}") = "CosmosDb", "_examples\CosmosDbExample\CosmosDb\CosmosDb.csproj", "{1327C0C1-013F-4052-8107-26CE3A46FAF2}"
EndProject
Project("{9A19103F-16F7-4668-BE54-9A1E7A4F7556}") = "CosmosDb.Core", "_examples\CosmosDbExample\CosmosDb.Core\CosmosDb.Core.csproj", "{2B09CD72-BC50-48AA-9652-F7F50739C7FD}"
EndProject
Project("{9A19103F-16F7-4668-BE54-9A1E7A4F7556}") = "CosmosDb.Repositories", "_examples\CosmosDbExample\CosmosDb.Repositories\CosmosDb.Repositories.csproj", "{F2490327-C4EE-4D06-B56F-082433A75D87}"
EndProject
Project("{9A19103F-16F7-4668-BE54-9A1E7A4F7556}") = "CosmosDb.Services", "_examples\CosmosDbExample\CosmosDb.Services\CosmosDb.Services.csproj", "{303D5641-B415-46E0-8F0B-C44D36336560}"
EndProject
Project("{9A19103F-16F7-4668-BE54-9A1E7A4F7556}") = "Mediator", "Mediator\Mediator.csproj", "{03D41157-338A-4424-A47E-97285904FA11}"
EndProject
Project("{2150E333-8FDC-42A3-9474-1A3956D46DE8}") = "StatefulEntities", "StatefulEntities", "{5CE9DDC9-3D13-4661-8F2A-55CA1C403F75}"
EndProject
Project("{2150E333-8FDC-42A3-9474-1A3956D46DE8}") = "EFCoreExample", "EFCoreExample", "{FD1D23F6-C271-4E12-848F-E2A7399C4D2B}"
EndProject
Project("{9A19103F-16F7-4668-BE54-9A1E7A4F7556}") = "EFCoreQueries", "_examples\EFCoreQueries\EFCoreQueries.csproj", "{B19CB9B2-1575-4CE4-A9D3-965ADBFC104D}"
EndProject
Project("{9A19103F-16F7-4668-BE54-9A1E7A4F7556}") = "StatefulEntities", "_examples\StatefulEntities\StatefulEntities.csproj", "{C02699B0-A110-43AB-AEBB-5B7DE3E0E58A}"
EndProject
Project("{2150E333-8FDC-42A3-9474-1A3956D46DE8}") = "CommandDispatcher", "CommandDispatcher", "{9A2EF67A-1222-429A-8AAD-00A54DAB8FEA}"
EndProject
Project("{9A19103F-16F7-4668-BE54-9A1E7A4F7556}") = "AzureCommandDispatcher", "_examples\AzureCommandDispatcher\AzureCommandDispatcher.csproj", "{85B116D4-47A9-47F1-BC5D-C4F34C8B527C}"
EndProject
Project("{9A19103F-16F7-4668-BE54-9A1E7A4F7556}") = "AzureCommandDispatcher.Services", "_examples\AzureCommandDispatcher.Services\AzureCommandDispatcher.Services.csproj", "{C0648F81-8AFC-423F-B381-012DCEF3FACB}"
EndProject
Project("{9A19103F-16F7-4668-BE54-9A1E7A4F7556}") = "HttpPipeline", "HttpPipeline\HttpPipeline.csproj", "{E12432C9-2CCF-422D-ADD5-43614355487B}"
EndProject
Project("{2150E333-8FDC-42A3-9474-1A3956D46DE8}") = "GatewayExample", "GatewayExample", "{1B4465A8-4E21-45F4-80EF-D1B48195C065}"
EndProject
Project("{9A19103F-16F7-4668-BE54-9A1E7A4F7556}") = "GatewayExample", "_examples\GatewayExample\GatewayExample.csproj", "{4C084FA7-1015-4043-B8D4-D2B092C9A8D5}"
EndProject
Project("{9A19103F-16F7-4668-BE54-9A1E7A4F7556}") = "MediatorCommandHandler", "MediatorCommandHandler\MediatorCommandHandler.csproj", "{BB1AB656-6F7C-4275-A1A3-3134AA1B871B}"
EndProject
Project("{2150E333-8FDC-42A3-9474-1A3956D46DE8}") = "EFCoreCosmosExample", "EFCoreCosmosExample", "{92129B8D-EABF-40F0-A714-B163881E6DD6}"
EndProject
Project("{9A19103F-16F7-4668-BE54-9A1E7A4F7556}") = "EFCoreCosmos", "_examples\EFCoreCosmosExample\EFCoreCosmos\EFCoreCosmos.csproj", "{59BEE9BF-9DA0-49C7-BE12-1D6F371820F6}"
EndProject
Project("{2150E333-8FDC-42A3-9474-1A3956D46DE8}") = "CosmosSdkExample", "CosmosSdkExample", "{558E42E5-C079-4D07-8B2B-19C43C145EEC}"
EndProject
Project("{FAE04EC0-301F-11D3-BF4B-00C04F79EFBC}") = "CosmosSdkExample", "_examples\CosmosSdkExample\CosmosSdkExample\CosmosSdkExample.csproj", "{F6160A2F-D031-428D-8D0F-274BBECF0167}"
EndProject
Global
	GlobalSection(SolutionConfigurationPlatforms) = preSolution
		Debug|Any CPU = Debug|Any CPU
		Release|Any CPU = Release|Any CPU
	EndGlobalSection
	GlobalSection(ProjectConfigurationPlatforms) = postSolution
		{E341E733-821B-4EE6-A9B5-CE3B746C104B}.Debug|Any CPU.ActiveCfg = Debug|Any CPU
		{E341E733-821B-4EE6-A9B5-CE3B746C104B}.Debug|Any CPU.Build.0 = Debug|Any CPU
		{E341E733-821B-4EE6-A9B5-CE3B746C104B}.Release|Any CPU.ActiveCfg = Release|Any CPU
		{E341E733-821B-4EE6-A9B5-CE3B746C104B}.Release|Any CPU.Build.0 = Release|Any CPU
		{26E335F2-28D0-44B7-9EC7-7AA843649511}.Debug|Any CPU.ActiveCfg = Debug|Any CPU
		{26E335F2-28D0-44B7-9EC7-7AA843649511}.Debug|Any CPU.Build.0 = Debug|Any CPU
		{26E335F2-28D0-44B7-9EC7-7AA843649511}.Release|Any CPU.ActiveCfg = Release|Any CPU
		{26E335F2-28D0-44B7-9EC7-7AA843649511}.Release|Any CPU.Build.0 = Release|Any CPU
		{A65F351B-CDF7-4867-B6EC-5633A9230894}.Debug|Any CPU.ActiveCfg = Debug|Any CPU
		{A65F351B-CDF7-4867-B6EC-5633A9230894}.Debug|Any CPU.Build.0 = Debug|Any CPU
		{A65F351B-CDF7-4867-B6EC-5633A9230894}.Release|Any CPU.ActiveCfg = Release|Any CPU
		{A65F351B-CDF7-4867-B6EC-5633A9230894}.Release|Any CPU.Build.0 = Release|Any CPU
		{A16B6A23-8713-459B-B638-67270E144553}.Debug|Any CPU.ActiveCfg = Debug|Any CPU
		{A16B6A23-8713-459B-B638-67270E144553}.Debug|Any CPU.Build.0 = Debug|Any CPU
		{A16B6A23-8713-459B-B638-67270E144553}.Release|Any CPU.ActiveCfg = Release|Any CPU
		{A16B6A23-8713-459B-B638-67270E144553}.Release|Any CPU.Build.0 = Release|Any CPU
		{4690954B-E673-4EB5-BC83-271F4E928E0E}.Debug|Any CPU.ActiveCfg = Debug|Any CPU
		{4690954B-E673-4EB5-BC83-271F4E928E0E}.Debug|Any CPU.Build.0 = Debug|Any CPU
		{4690954B-E673-4EB5-BC83-271F4E928E0E}.Release|Any CPU.ActiveCfg = Release|Any CPU
		{4690954B-E673-4EB5-BC83-271F4E928E0E}.Release|Any CPU.Build.0 = Release|Any CPU
		{5191481C-2C45-4931-8FF1-F2160469FA29}.Debug|Any CPU.ActiveCfg = Debug|Any CPU
		{5191481C-2C45-4931-8FF1-F2160469FA29}.Debug|Any CPU.Build.0 = Debug|Any CPU
		{5191481C-2C45-4931-8FF1-F2160469FA29}.Release|Any CPU.ActiveCfg = Release|Any CPU
		{5191481C-2C45-4931-8FF1-F2160469FA29}.Release|Any CPU.Build.0 = Release|Any CPU
		{897E4926-0468-4F6E-A708-FC2E5E3EA9A3}.Debug|Any CPU.ActiveCfg = Debug|Any CPU
		{897E4926-0468-4F6E-A708-FC2E5E3EA9A3}.Debug|Any CPU.Build.0 = Debug|Any CPU
		{897E4926-0468-4F6E-A708-FC2E5E3EA9A3}.Release|Any CPU.ActiveCfg = Release|Any CPU
		{897E4926-0468-4F6E-A708-FC2E5E3EA9A3}.Release|Any CPU.Build.0 = Release|Any CPU
		{C5098177-DA94-4C4E-A84D-8F632AEA7341}.Debug|Any CPU.ActiveCfg = Debug|Any CPU
		{C5098177-DA94-4C4E-A84D-8F632AEA7341}.Debug|Any CPU.Build.0 = Debug|Any CPU
		{C5098177-DA94-4C4E-A84D-8F632AEA7341}.Release|Any CPU.ActiveCfg = Release|Any CPU
		{C5098177-DA94-4C4E-A84D-8F632AEA7341}.Release|Any CPU.Build.0 = Release|Any CPU
		{09FA0F21-B9E4-4BA1-A786-67AB659FE20B}.Debug|Any CPU.ActiveCfg = Debug|Any CPU
		{09FA0F21-B9E4-4BA1-A786-67AB659FE20B}.Debug|Any CPU.Build.0 = Debug|Any CPU
		{09FA0F21-B9E4-4BA1-A786-67AB659FE20B}.Release|Any CPU.ActiveCfg = Release|Any CPU
		{09FA0F21-B9E4-4BA1-A786-67AB659FE20B}.Release|Any CPU.Build.0 = Release|Any CPU
		{C0787F4B-89F7-4432-928F-98DB6097453A}.Debug|Any CPU.ActiveCfg = Debug|Any CPU
		{C0787F4B-89F7-4432-928F-98DB6097453A}.Debug|Any CPU.Build.0 = Debug|Any CPU
		{C0787F4B-89F7-4432-928F-98DB6097453A}.Release|Any CPU.ActiveCfg = Release|Any CPU
		{C0787F4B-89F7-4432-928F-98DB6097453A}.Release|Any CPU.Build.0 = Release|Any CPU
		{71897D9C-07BF-4341-A630-FBBE3FF53801}.Debug|Any CPU.ActiveCfg = Debug|Any CPU
		{71897D9C-07BF-4341-A630-FBBE3FF53801}.Debug|Any CPU.Build.0 = Debug|Any CPU
		{71897D9C-07BF-4341-A630-FBBE3FF53801}.Release|Any CPU.ActiveCfg = Release|Any CPU
		{71897D9C-07BF-4341-A630-FBBE3FF53801}.Release|Any CPU.Build.0 = Release|Any CPU
		{198540B6-FE3E-4FB2-9916-4161EB9D7885}.Debug|Any CPU.ActiveCfg = Debug|Any CPU
		{198540B6-FE3E-4FB2-9916-4161EB9D7885}.Debug|Any CPU.Build.0 = Debug|Any CPU
		{198540B6-FE3E-4FB2-9916-4161EB9D7885}.Release|Any CPU.ActiveCfg = Release|Any CPU
		{198540B6-FE3E-4FB2-9916-4161EB9D7885}.Release|Any CPU.Build.0 = Release|Any CPU
		{9B91752D-C553-4C6E-A6C2-BB95867E822F}.Debug|Any CPU.ActiveCfg = Debug|Any CPU
		{9B91752D-C553-4C6E-A6C2-BB95867E822F}.Debug|Any CPU.Build.0 = Debug|Any CPU
		{9B91752D-C553-4C6E-A6C2-BB95867E822F}.Release|Any CPU.ActiveCfg = Release|Any CPU
		{9B91752D-C553-4C6E-A6C2-BB95867E822F}.Release|Any CPU.Build.0 = Release|Any CPU
		{C386E6AB-9E6D-404F-ABB6-C43B1E1084C6}.Debug|Any CPU.ActiveCfg = Debug|Any CPU
		{C386E6AB-9E6D-404F-ABB6-C43B1E1084C6}.Debug|Any CPU.Build.0 = Debug|Any CPU
		{C386E6AB-9E6D-404F-ABB6-C43B1E1084C6}.Release|Any CPU.ActiveCfg = Release|Any CPU
		{C386E6AB-9E6D-404F-ABB6-C43B1E1084C6}.Release|Any CPU.Build.0 = Release|Any CPU
		{F69437D9-BE51-4778-A249-81332DF8709F}.Debug|Any CPU.ActiveCfg = Debug|Any CPU
		{F69437D9-BE51-4778-A249-81332DF8709F}.Debug|Any CPU.Build.0 = Debug|Any CPU
		{F69437D9-BE51-4778-A249-81332DF8709F}.Release|Any CPU.ActiveCfg = Release|Any CPU
		{F69437D9-BE51-4778-A249-81332DF8709F}.Release|Any CPU.Build.0 = Release|Any CPU
		{9E783657-C337-4A07-B361-D2DE09A6D088}.Debug|Any CPU.ActiveCfg = Debug|Any CPU
		{9E783657-C337-4A07-B361-D2DE09A6D088}.Debug|Any CPU.Build.0 = Debug|Any CPU
		{9E783657-C337-4A07-B361-D2DE09A6D088}.Release|Any CPU.ActiveCfg = Release|Any CPU
		{9E783657-C337-4A07-B361-D2DE09A6D088}.Release|Any CPU.Build.0 = Release|Any CPU
		{9D2726CD-9939-4EB0-A027-AF4032426385}.Debug|Any CPU.ActiveCfg = Debug|Any CPU
		{9D2726CD-9939-4EB0-A027-AF4032426385}.Debug|Any CPU.Build.0 = Debug|Any CPU
		{9D2726CD-9939-4EB0-A027-AF4032426385}.Release|Any CPU.ActiveCfg = Release|Any CPU
		{9D2726CD-9939-4EB0-A027-AF4032426385}.Release|Any CPU.Build.0 = Release|Any CPU
		{1327C0C1-013F-4052-8107-26CE3A46FAF2}.Debug|Any CPU.ActiveCfg = Debug|Any CPU
		{1327C0C1-013F-4052-8107-26CE3A46FAF2}.Debug|Any CPU.Build.0 = Debug|Any CPU
		{1327C0C1-013F-4052-8107-26CE3A46FAF2}.Release|Any CPU.ActiveCfg = Release|Any CPU
		{1327C0C1-013F-4052-8107-26CE3A46FAF2}.Release|Any CPU.Build.0 = Release|Any CPU
		{2B09CD72-BC50-48AA-9652-F7F50739C7FD}.Debug|Any CPU.ActiveCfg = Debug|Any CPU
		{2B09CD72-BC50-48AA-9652-F7F50739C7FD}.Debug|Any CPU.Build.0 = Debug|Any CPU
		{2B09CD72-BC50-48AA-9652-F7F50739C7FD}.Release|Any CPU.ActiveCfg = Release|Any CPU
		{2B09CD72-BC50-48AA-9652-F7F50739C7FD}.Release|Any CPU.Build.0 = Release|Any CPU
		{F2490327-C4EE-4D06-B56F-082433A75D87}.Debug|Any CPU.ActiveCfg = Debug|Any CPU
		{F2490327-C4EE-4D06-B56F-082433A75D87}.Debug|Any CPU.Build.0 = Debug|Any CPU
		{F2490327-C4EE-4D06-B56F-082433A75D87}.Release|Any CPU.ActiveCfg = Release|Any CPU
		{F2490327-C4EE-4D06-B56F-082433A75D87}.Release|Any CPU.Build.0 = Release|Any CPU
		{303D5641-B415-46E0-8F0B-C44D36336560}.Debug|Any CPU.ActiveCfg = Debug|Any CPU
		{303D5641-B415-46E0-8F0B-C44D36336560}.Debug|Any CPU.Build.0 = Debug|Any CPU
		{303D5641-B415-46E0-8F0B-C44D36336560}.Release|Any CPU.ActiveCfg = Release|Any CPU
		{303D5641-B415-46E0-8F0B-C44D36336560}.Release|Any CPU.Build.0 = Release|Any CPU
		{03D41157-338A-4424-A47E-97285904FA11}.Debug|Any CPU.ActiveCfg = Debug|Any CPU
		{03D41157-338A-4424-A47E-97285904FA11}.Debug|Any CPU.Build.0 = Debug|Any CPU
		{03D41157-338A-4424-A47E-97285904FA11}.Release|Any CPU.ActiveCfg = Release|Any CPU
		{03D41157-338A-4424-A47E-97285904FA11}.Release|Any CPU.Build.0 = Release|Any CPU
		{B19CB9B2-1575-4CE4-A9D3-965ADBFC104D}.Debug|Any CPU.ActiveCfg = Debug|Any CPU
		{B19CB9B2-1575-4CE4-A9D3-965ADBFC104D}.Debug|Any CPU.Build.0 = Debug|Any CPU
		{B19CB9B2-1575-4CE4-A9D3-965ADBFC104D}.Release|Any CPU.ActiveCfg = Release|Any CPU
		{B19CB9B2-1575-4CE4-A9D3-965ADBFC104D}.Release|Any CPU.Build.0 = Release|Any CPU
		{C02699B0-A110-43AB-AEBB-5B7DE3E0E58A}.Debug|Any CPU.ActiveCfg = Debug|Any CPU
		{C02699B0-A110-43AB-AEBB-5B7DE3E0E58A}.Debug|Any CPU.Build.0 = Debug|Any CPU
		{C02699B0-A110-43AB-AEBB-5B7DE3E0E58A}.Release|Any CPU.ActiveCfg = Release|Any CPU
		{C02699B0-A110-43AB-AEBB-5B7DE3E0E58A}.Release|Any CPU.Build.0 = Release|Any CPU
		{85B116D4-47A9-47F1-BC5D-C4F34C8B527C}.Debug|Any CPU.ActiveCfg = Debug|Any CPU
		{85B116D4-47A9-47F1-BC5D-C4F34C8B527C}.Debug|Any CPU.Build.0 = Debug|Any CPU
		{85B116D4-47A9-47F1-BC5D-C4F34C8B527C}.Release|Any CPU.ActiveCfg = Release|Any CPU
		{85B116D4-47A9-47F1-BC5D-C4F34C8B527C}.Release|Any CPU.Build.0 = Release|Any CPU
		{C0648F81-8AFC-423F-B381-012DCEF3FACB}.Debug|Any CPU.ActiveCfg = Debug|Any CPU
		{C0648F81-8AFC-423F-B381-012DCEF3FACB}.Debug|Any CPU.Build.0 = Debug|Any CPU
		{C0648F81-8AFC-423F-B381-012DCEF3FACB}.Release|Any CPU.ActiveCfg = Release|Any CPU
		{C0648F81-8AFC-423F-B381-012DCEF3FACB}.Release|Any CPU.Build.0 = Release|Any CPU
		{E12432C9-2CCF-422D-ADD5-43614355487B}.Debug|Any CPU.ActiveCfg = Debug|Any CPU
		{E12432C9-2CCF-422D-ADD5-43614355487B}.Debug|Any CPU.Build.0 = Debug|Any CPU
		{E12432C9-2CCF-422D-ADD5-43614355487B}.Release|Any CPU.ActiveCfg = Release|Any CPU
		{E12432C9-2CCF-422D-ADD5-43614355487B}.Release|Any CPU.Build.0 = Release|Any CPU
		{4C084FA7-1015-4043-B8D4-D2B092C9A8D5}.Debug|Any CPU.ActiveCfg = Debug|Any CPU
		{4C084FA7-1015-4043-B8D4-D2B092C9A8D5}.Debug|Any CPU.Build.0 = Debug|Any CPU
		{4C084FA7-1015-4043-B8D4-D2B092C9A8D5}.Release|Any CPU.ActiveCfg = Release|Any CPU
		{4C084FA7-1015-4043-B8D4-D2B092C9A8D5}.Release|Any CPU.Build.0 = Release|Any CPU
		{BB1AB656-6F7C-4275-A1A3-3134AA1B871B}.Debug|Any CPU.ActiveCfg = Debug|Any CPU
		{BB1AB656-6F7C-4275-A1A3-3134AA1B871B}.Debug|Any CPU.Build.0 = Debug|Any CPU
		{BB1AB656-6F7C-4275-A1A3-3134AA1B871B}.Release|Any CPU.ActiveCfg = Release|Any CPU
		{BB1AB656-6F7C-4275-A1A3-3134AA1B871B}.Release|Any CPU.Build.0 = Release|Any CPU
		{59BEE9BF-9DA0-49C7-BE12-1D6F371820F6}.Debug|Any CPU.ActiveCfg = Debug|Any CPU
		{59BEE9BF-9DA0-49C7-BE12-1D6F371820F6}.Debug|Any CPU.Build.0 = Debug|Any CPU
		{59BEE9BF-9DA0-49C7-BE12-1D6F371820F6}.Release|Any CPU.ActiveCfg = Release|Any CPU
		{59BEE9BF-9DA0-49C7-BE12-1D6F371820F6}.Release|Any CPU.Build.0 = Release|Any CPU
		{F6160A2F-D031-428D-8D0F-274BBECF0167}.Debug|Any CPU.ActiveCfg = Debug|Any CPU
		{F6160A2F-D031-428D-8D0F-274BBECF0167}.Debug|Any CPU.Build.0 = Debug|Any CPU
		{F6160A2F-D031-428D-8D0F-274BBECF0167}.Release|Any CPU.ActiveCfg = Release|Any CPU
		{F6160A2F-D031-428D-8D0F-274BBECF0167}.Release|Any CPU.Build.0 = Release|Any CPU
	EndGlobalSection
	GlobalSection(SolutionProperties) = preSolution
		HideSolutionNode = FALSE
	EndGlobalSection
	GlobalSection(NestedProjects) = preSolution
		{AAF1DD76-2ED7-45DD-8036-FCBDF5A02ED9} = {62A17AD3-8B2D-43F0-8ACD-3A0900210639}
		{C386E6AB-9E6D-404F-ABB6-C43B1E1084C6} = {AAF1DD76-2ED7-45DD-8036-FCBDF5A02ED9}
		{F69437D9-BE51-4778-A249-81332DF8709F} = {AAF1DD76-2ED7-45DD-8036-FCBDF5A02ED9}
		{9E783657-C337-4A07-B361-D2DE09A6D088} = {AAF1DD76-2ED7-45DD-8036-FCBDF5A02ED9}
		{9D2726CD-9939-4EB0-A027-AF4032426385} = {AAF1DD76-2ED7-45DD-8036-FCBDF5A02ED9}
		{A3FB6C76-6B25-4DB5-803E-98B22846BDE0} = {62A17AD3-8B2D-43F0-8ACD-3A0900210639}
		{1327C0C1-013F-4052-8107-26CE3A46FAF2} = {A3FB6C76-6B25-4DB5-803E-98B22846BDE0}
		{2B09CD72-BC50-48AA-9652-F7F50739C7FD} = {A3FB6C76-6B25-4DB5-803E-98B22846BDE0}
		{F2490327-C4EE-4D06-B56F-082433A75D87} = {A3FB6C76-6B25-4DB5-803E-98B22846BDE0}
		{303D5641-B415-46E0-8F0B-C44D36336560} = {A3FB6C76-6B25-4DB5-803E-98B22846BDE0}
		{5CE9DDC9-3D13-4661-8F2A-55CA1C403F75} = {62A17AD3-8B2D-43F0-8ACD-3A0900210639}
		{FD1D23F6-C271-4E12-848F-E2A7399C4D2B} = {62A17AD3-8B2D-43F0-8ACD-3A0900210639}
		{B19CB9B2-1575-4CE4-A9D3-965ADBFC104D} = {FD1D23F6-C271-4E12-848F-E2A7399C4D2B}
		{C02699B0-A110-43AB-AEBB-5B7DE3E0E58A} = {5CE9DDC9-3D13-4661-8F2A-55CA1C403F75}
		{9A2EF67A-1222-429A-8AAD-00A54DAB8FEA} = {62A17AD3-8B2D-43F0-8ACD-3A0900210639}
		{85B116D4-47A9-47F1-BC5D-C4F34C8B527C} = {9A2EF67A-1222-429A-8AAD-00A54DAB8FEA}
		{C0648F81-8AFC-423F-B381-012DCEF3FACB} = {9A2EF67A-1222-429A-8AAD-00A54DAB8FEA}
		{1B4465A8-4E21-45F4-80EF-D1B48195C065} = {62A17AD3-8B2D-43F0-8ACD-3A0900210639}
		{4C084FA7-1015-4043-B8D4-D2B092C9A8D5} = {1B4465A8-4E21-45F4-80EF-D1B48195C065}
		{92129B8D-EABF-40F0-A714-B163881E6DD6} = {62A17AD3-8B2D-43F0-8ACD-3A0900210639}
		{59BEE9BF-9DA0-49C7-BE12-1D6F371820F6} = {92129B8D-EABF-40F0-A714-B163881E6DD6}
		{558E42E5-C079-4D07-8B2B-19C43C145EEC} = {62A17AD3-8B2D-43F0-8ACD-3A0900210639}
		{F6160A2F-D031-428D-8D0F-274BBECF0167} = {558E42E5-C079-4D07-8B2B-19C43C145EEC}
	EndGlobalSection
	GlobalSection(ExtensibilityGlobals) = postSolution
		SolutionGuid = {E10FF8C4-3CBD-420F-8E45-20D128C142F0}
	EndGlobalSection
EndGlobal
